
Microsoft Visual Studio Solution File, Format Version 12.00
# Visual Studio Version 17
VisualStudioVersion = 17.2.32526.322
MinimumVisualStudioVersion = 10.0.40219.1
Project("{FAE04EC0-301F-11D3-BF4B-00C04F79EFBC}") = "exercicio", "exercicio\exercicio.csproj", "{DE2FF7EA-9678-465B-8EE9-EAFB2C73BE05}"
EndProject
Project("{FAE04EC0-301F-11D3-BF4B-00C04F79EFBC}") = "desafio", "desafio\desafio.csproj", "{012FEB02-FE6D-4925-B6ED-475CD9373A19}"
EndProject
Global
	GlobalSection(SolutionConfigurationPlatforms) = preSolution
		Debug|Any CPU = Debug|Any CPU
		Release|Any CPU = Release|Any CPU
	EndGlobalSection
	GlobalSection(ProjectConfigurationPlatforms) = postSolution
		{DE2FF7EA-9678-465B-8EE9-EAFB2C73BE05}.Debug|Any CPU.ActiveCfg = Debug|Any CPU
		{DE2FF7EA-9678-465B-8EE9-EAFB2C73BE05}.Debug|Any CPU.Build.0 = Debug|Any CPU
		{DE2FF7EA-9678-465B-8EE9-EAFB2C73BE05}.Release|Any CPU.ActiveCfg = Release|Any CPU
		{DE2FF7EA-9678-465B-8EE9-EAFB2C73BE05}.Release|Any CPU.Build.0 = Release|Any CPU
		{012FEB02-FE6D-4925-B6ED-475CD9373A19}.Debug|Any CPU.ActiveCfg = Debug|Any CPU
		{012FEB02-FE6D-4925-B6ED-475CD9373A19}.Debug|Any CPU.Build.0 = Debug|Any CPU
		{012FEB02-FE6D-4925-B6ED-475CD9373A19}.Release|Any CPU.ActiveCfg = Release|Any CPU
		{012FEB02-FE6D-4925-B6ED-475CD9373A19}.Release|Any CPU.Build.0 = Release|Any CPU
	EndGlobalSection
	GlobalSection(SolutionProperties) = preSolution
		HideSolutionNode = FALSE
	EndGlobalSection
	GlobalSection(ExtensibilityGlobals) = postSolution
		SolutionGuid = {2CE41B76-0CC7-4BB3-B23E-F2885BE30984}
	EndGlobalSection
EndGlobal
